{
    "name": "ergonames-tx-lib",
    "version": "0.6.1",
    "lockfileVersion": 2,
    "requires": true,
    "packages": {
        "": {
            "name": "ergonames-tx-lib",
            "version": "0.6.1",
            "license": "MIT",
            "dependencies": {
                "@fleet-sdk/core": "^0.1.0-alpha.18"
            }
        },
        "node_modules/@fleet-sdk/common": {
            "version": "0.1.0-alpha.18",
            "resolved": "https://registry.npmjs.org/@fleet-sdk/common/-/common-0.1.0-alpha.18.tgz",
            "integrity": "sha512-vEAvOuc1KgEyERrO38leQP6Z2hUM1Go7WmeyCDWbH4X41HAo1za8HEdLdzbmEDpK0DihM47b7NJ6unt72W2GZA==",
            "engines": {
                "node": ">=10"
            }
        },
        "node_modules/@fleet-sdk/core": {
            "version": "0.1.0-alpha.18",
            "resolved": "https://registry.npmjs.org/@fleet-sdk/core/-/core-0.1.0-alpha.18.tgz",
            "integrity": "sha512-VerYsMj30RaOXCbWv94juRAIByrqE+y0qJ5hwas4HRXTWd7RFWsVUZSWQ4jgryIf7SSCe7Em+dBBfgt1UZoWvQ==",
            "dependencies": {
                "@fleet-sdk/common": "^0.1.0-alpha.18",
                "@noble/hashes": "^1.1.3",
                "@scure/base": "^1.1.1"
            },
            "engines": {
                "node": ">=10"
            }
        },
        "node_modules/@noble/hashes": {
            "version": "1.1.5",
            "resolved": "https://registry.npmjs.org/@noble/hashes/-/hashes-1.1.5.tgz",
            "integrity": "sha512-LTMZiiLc+V4v1Yi16TD6aX2gmtKszNye0pQgbaLqkvhIqP7nVsSaJsWloGQjJfJ8offaoP5GtX3yY5swbcJxxQ==",
            "funding": [
                {
                    "type": "individual",
                    "url": "https://paulmillr.com/funding/"
                }
            ]
        },
        "node_modules/@scure/base": {
            "version": "1.1.1",
            "resolved": "https://registry.npmjs.org/@scure/base/-/base-1.1.1.tgz",
            "integrity": "sha512-ZxOhsSyxYwLJj3pLZCefNitxsj093tb2vq90mp2txoYeBqbcjDjqFhyM8eUjq/uFm6zJ+mUuqxlS2FkuSY1MTA==",
            "funding": [
                {
                    "type": "individual",
                    "url": "https://paulmillr.com/funding/"
                }
            ]
        }
    },
    "dependencies": {
        "@fleet-sdk/common": {
            "version": "0.1.0-alpha.18",
            "resolved": "https://registry.npmjs.org/@fleet-sdk/common/-/common-0.1.0-alpha.18.tgz",
            "integrity": "sha512-vEAvOuc1KgEyERrO38leQP6Z2hUM1Go7WmeyCDWbH4X41HAo1za8HEdLdzbmEDpK0DihM47b7NJ6unt72W2GZA=="
        },
        "@fleet-sdk/core": {
            "version": "0.1.0-alpha.18",
            "resolved": "https://registry.npmjs.org/@fleet-sdk/core/-/core-0.1.0-alpha.18.tgz",
            "integrity": "sha512-VerYsMj30RaOXCbWv94juRAIByrqE+y0qJ5hwas4HRXTWd7RFWsVUZSWQ4jgryIf7SSCe7Em+dBBfgt1UZoWvQ==",
            "requires": {
                "@fleet-sdk/common": "^0.1.0-alpha.18",
                "@noble/hashes": "^1.1.3",
                "@scure/base": "^1.1.1"
            }
        },
        "@noble/hashes": {
            "version": "1.1.5",
            "resolved": "https://registry.npmjs.org/@noble/hashes/-/hashes-1.1.5.tgz",
            "integrity": "sha512-LTMZiiLc+V4v1Yi16TD6aX2gmtKszNye0pQgbaLqkvhIqP7nVsSaJsWloGQjJfJ8offaoP5GtX3yY5swbcJxxQ=="
        },
        "@scure/base": {
            "version": "1.1.1",
            "resolved": "https://registry.npmjs.org/@scure/base/-/base-1.1.1.tgz",
            "integrity": "sha512-ZxOhsSyxYwLJj3pLZCefNitxsj093tb2vq90mp2txoYeBqbcjDjqFhyM8eUjq/uFm6zJ+mUuqxlS2FkuSY1MTA=="
        }
    }
}
