{
    "name": "ergonames-tx-lib",
    "version": "0.3.6",
    "lockfileVersion": 2,
    "requires": true,
    "packages": {
        "": {
            "name": "ergonames-tx-lib",
            "version": "0.3.6",
            "license": "MIT",
            "dependencies": {
                "ergo-lib-wasm-browser": "^0.19.0",
                "json-bigint": "^1.0.0"
            }
        },
        "node_modules/bignumber.js": {
            "version": "9.1.0",
            "resolved": "https://registry.npmjs.org/bignumber.js/-/bignumber.js-9.1.0.tgz",
            "integrity": "sha512-4LwHK4nfDOraBCtst+wOWIHbu1vhvAPJK8g8nROd4iuc3PSEjWif/qwbkh8jwCJz6yDBvtU4KPynETgrfh7y3A==",
            "engines": {
                "node": "*"
            }
        },
        "node_modules/ergo-lib-wasm-browser": {
            "version": "0.19.0",
            "resolved": "https://registry.npmjs.org/ergo-lib-wasm-browser/-/ergo-lib-wasm-browser-0.19.0.tgz",
            "integrity": "sha512-ZJo/rLVa2FMA/hS1Ckq6uxz3DO9foBuUeUOyVJLgyTGJ4/KeTLjQS3nu6ZmWAyuBIJ2LT6gJtNAj2Y79tmC8mQ=="
        },
        "node_modules/json-bigint": {
            "version": "1.0.0",
            "resolved": "https://registry.npmjs.org/json-bigint/-/json-bigint-1.0.0.tgz",
            "integrity": "sha512-SiPv/8VpZuWbvLSMtTDU8hEfrZWg/mH/nV/b4o0CYbSxu1UIQPLdwKOCIyLQX+VIPO5vrLX3i8qtqFyhdPSUSQ==",
            "dependencies": {
                "bignumber.js": "^9.0.0"
            }
        }
    },
    "dependencies": {
        "bignumber.js": {
            "version": "9.1.0",
            "resolved": "https://registry.npmjs.org/bignumber.js/-/bignumber.js-9.1.0.tgz",
            "integrity": "sha512-4LwHK4nfDOraBCtst+wOWIHbu1vhvAPJK8g8nROd4iuc3PSEjWif/qwbkh8jwCJz6yDBvtU4KPynETgrfh7y3A=="
        },
        "ergo-lib-wasm-browser": {
            "version": "0.19.0",
            "resolved": "https://registry.npmjs.org/ergo-lib-wasm-browser/-/ergo-lib-wasm-browser-0.19.0.tgz",
            "integrity": "sha512-ZJo/rLVa2FMA/hS1Ckq6uxz3DO9foBuUeUOyVJLgyTGJ4/KeTLjQS3nu6ZmWAyuBIJ2LT6gJtNAj2Y79tmC8mQ=="
        },
        "json-bigint": {
            "version": "1.0.0",
            "resolved": "https://registry.npmjs.org/json-bigint/-/json-bigint-1.0.0.tgz",
            "integrity": "sha512-SiPv/8VpZuWbvLSMtTDU8hEfrZWg/mH/nV/b4o0CYbSxu1UIQPLdwKOCIyLQX+VIPO5vrLX3i8qtqFyhdPSUSQ==",
            "requires": {
                "bignumber.js": "^9.0.0"
            }
        }
    }
}
